{
  "name": "WBAuth.Frontend",
  "lockfileVersion": 3,
  "requires": true,
  "packages": {
    "": {
      "dependencies": {
        "uuid": "^9.0.1"
      },
      "devDependencies": {
        "@types/google-one-tap": "^1.2.6"
      }
    },
    "node_modules/@types/google-one-tap": {
      "version": "1.2.6",
      "resolved": "https://registry.npmjs.org/@types/google-one-tap/-/google-one-tap-1.2.6.tgz",
      "integrity": "sha512-REmJsXVHvKb/sgI8DF+7IesMbDbcsEokHBqxU01ENZ8d98UPWdRLhUCtxEm9bhNFFg6PJGy7PNFdvovp0hK3jA==",
      "dev": true
    },
    "node_modules/uuid": {
      "version": "9.0.1",
      "resolved": "https://registry.npmjs.org/uuid/-/uuid-9.0.1.tgz",
      "integrity": "sha512-b+1eJOlsR9K8HJpow9Ok3fiWOWSIcIzXodvv0rQjVoOVNpWMpxf1wZNpt4y9h10odCNrqnYp1OBzRktckBe3sA==",
      "funding": [
        "https://github.com/sponsors/broofa",
        "https://github.com/sponsors/ctavan"
      ],
      "bin": {
        "uuid": "dist/bin/uuid"
      }
    }
  }
}
